
Microsoft Visual Studio Solution File, Format Version 12.00
# Visual Studio Version 17
VisualStudioVersion = 17.3.32929.385
MinimumVisualStudioVersion = 10.0.40219.1
Project("{FAE04EC0-301F-11D3-BF4B-00C04F79EFBC}") = "WindowsFormsApp1", "WindowsFormsApp1\WindowsFormsApp1.csproj", "{DC11E0A3-3E62-4132-A9D5-9862809BA5F0}"
EndProject
Global
	GlobalSection(SolutionConfigurationPlatforms) = preSolution
		Debug|Any CPU = Debug|Any CPU
		Release|Any CPU = Release|Any CPU
	EndGlobalSection
	GlobalSection(ProjectConfigurationPlatforms) = postSolution
		{DC11E0A3-3E62-4132-A9D5-9862809BA5F0}.Debug|Any CPU.ActiveCfg = Debug|Any CPU
		{DC11E0A3-3E62-4132-A9D5-9862809BA5F0}.Debug|Any CPU.Build.0 = Debug|Any CPU
		{DC11E0A3-3E62-4132-A9D5-9862809BA5F0}.Release|Any CPU.ActiveCfg = Release|Any CPU
		{DC11E0A3-3E62-4132-A9D5-9862809BA5F0}.Release|Any CPU.Build.0 = Release|Any CPU
	EndGlobalSection
	GlobalSection(SolutionProperties) = preSolution
		HideSolutionNode = FALSE
	EndGlobalSection
	GlobalSection(ExtensibilityGlobals) = postSolution
		SolutionGuid = {8BD1BA83-5CE1-4CD3-AECD-DE15226AC305}
	EndGlobalSection
EndGlobal
